<?xml version="1.0" encoding="utf-8"?>
<Project ToolsVersion="4.0" xmlns="http://schemas.microsoft.com/developer/msbuild/2003">
  <ItemGroup>
    <Filter Include="99.Defines">
      <UniqueIdentifier>{3613eca8-d6b2-4c31-ac23-caa9e8b0d49b}</UniqueIdentifier>
    </Filter>
    <Filter Include="98.Default">
      <UniqueIdentifier>{4a1057e4-07de-468c-a48e-adfa64f48bec}</UniqueIdentifier>
    </Filter>
    <Filter Include="00.MainApp">
      <UniqueIdentifier>{220288b3-3d51-4716-bd3e-d2e677773854}</UniqueIdentifier>
    </Filter>
    <Filter Include="01.Levels">
      <UniqueIdentifier>{f211a709-bc29-4414-a0c0-6eb253fe588f}</UniqueIdentifier>
    </Filter>
    <Filter Include="01.Levels\00.Loading">
      <UniqueIdentifier>{607258ba-45a4-424e-a13c-27d6e5fe7e6b}</UniqueIdentifier>
    </Filter>
    <Filter Include="01.Levels\00.Loading\Loader">
      <UniqueIdentifier>{56d2dee4-1011-4964-8602-09f9d154fec6}</UniqueIdentifier>
    </Filter>
    <Filter Include="02.GameObjects">
      <UniqueIdentifier>{6e49a0c9-230f-450f-8cb5-eeaa76ddef7c}</UniqueIdentifier>
    </Filter>
    <Filter Include="97.ShaderFiles">
      <UniqueIdentifier>{0ec719f1-ae5d-4711-9dcb-96a12621ee33}</UniqueIdentifier>
    </Filter>
    <Filter Include="02.GameObjects\Camera">
      <UniqueIdentifier>{7f6a5c1d-3c88-4637-ac65-c368fe98b7d9}</UniqueIdentifier>
    </Filter>
    <Filter Include="02.GameObjects\Camera\Free">
      <UniqueIdentifier>{99e5154e-49e3-4d93-ad11-54750fe0ed08}</UniqueIdentifier>
    </Filter>
    <Filter Include="02.GameObjects\Monster">
      <UniqueIdentifier>{2a866a0c-01fa-4b64-92c4-fd90f41a5923}</UniqueIdentifier>
    </Filter>
    <Filter Include="02.GameObjects\UIObjects">
      <UniqueIdentifier>{a3414a03-ae9b-47bb-89b9-eb8aef7c3962}</UniqueIdentifier>
    </Filter>
    <Filter Include="02.GameObjects\UIObjects\Inventory">
      <UniqueIdentifier>{cf539a4e-c208-4e9c-bb27-cb0cea2dc679}</UniqueIdentifier>
    </Filter>
    <Filter Include="02.GameObjects\UIObjects\Inventory\Inventory_Base">
      <UniqueIdentifier>{9ff9beb3-291c-43dd-86f0-378848ea6406}</UniqueIdentifier>
    </Filter>
    <Filter Include="02.GameObjects\Player">
      <UniqueIdentifier>{a79e5608-68af-4d7c-9411-323b06a388c1}</UniqueIdentifier>
    </Filter>
    <Filter Include="02.GameObjects\UIObjects\UI_Image%28static%29">
      <UniqueIdentifier>{69350565-a71a-401c-9cf8-0617f0fc37b2}</UniqueIdentifier>
    </Filter>
    <Filter Include="02.GameObjects\UIObjects\HPbar">
      <UniqueIdentifier>{a7067fff-4dc1-4601-afe6-365f223747e1}</UniqueIdentifier>
    </Filter>
    <Filter Include="01.Levels\01. Title">
      <UniqueIdentifier>{edd484b2-535d-4fe2-a301-1f295693c6b6}</UniqueIdentifier>
    </Filter>
    <Filter Include="02.GameObjects\UIObjects\Inventory\Inventory_StoreSlot">
      <UniqueIdentifier>{81d1359e-516c-4991-8531-c558788a2579}</UniqueIdentifier>
    </Filter>
    <Filter Include="02.GameObjects\UIObjects\Inventory\InventoryGearSlot">
      <UniqueIdentifier>{98e05a1b-0327-410e-88b1-71804a5f45cc}</UniqueIdentifier>
    </Filter>
    <Filter Include="02.GameObjects\UIObjects\Inventory\InventoryItemSlot">
      <UniqueIdentifier>{b75e9023-db5b-43b0-b798-c430e1058abd}</UniqueIdentifier>
    </Filter>
    <Filter Include="02.GameObjects\Sky">
      <UniqueIdentifier>{f921d5a2-b17c-4a73-a7d3-028b1053c5a0}</UniqueIdentifier>
    </Filter>
    <Filter Include="02.GameObjects\LoungeMap">
      <UniqueIdentifier>{a35214a7-3599-46bc-96d0-e0ce666aaa40}</UniqueIdentifier>
    </Filter>
    <Filter Include="02.GameObjects\Player\00. Body_Player">
      <UniqueIdentifier>{5373e998-8490-442b-bc63-474356c4fb92}</UniqueIdentifier>
    </Filter>
    <Filter Include="02.GameObjects\Player\02. State">
      <UniqueIdentifier>{f9107163-f31d-4f6f-9fe1-b689765a2b57}</UniqueIdentifier>
    </Filter>
    <Filter Include="96. FSM">
      <UniqueIdentifier>{020092ce-9d28-4df2-9763-9f771b196d1b}</UniqueIdentifier>
    </Filter>
    <Filter Include="96. FSM\State">
      <UniqueIdentifier>{ff95e289-b11b-4bc8-a789-3ea3d6113962}</UniqueIdentifier>
    </Filter>
    <Filter Include="02.GameObjects\Player\02. State\Player_Idle">
      <UniqueIdentifier>{ee133f71-2358-4f54-a6f8-8a5dd22095a0}</UniqueIdentifier>
    </Filter>
    <Filter Include="02.GameObjects\Player\02. State\Player_Walk">
      <UniqueIdentifier>{cd3059ba-cd8c-4bbf-8fb2-bff2d986a9a8}</UniqueIdentifier>
    </Filter>
    <Filter Include="02.GameObjects\Player\02. State\Player_Roll">
      <UniqueIdentifier>{9905ea67-d423-4db9-ade2-018a707a5c88}</UniqueIdentifier>
    </Filter>
    <Filter Include="02.GameObjects\Monster\Zombie">
      <UniqueIdentifier>{a9c53524-8cf9-4a55-b3f2-e74ce3da8b24}</UniqueIdentifier>
    </Filter>
    <Filter Include="02.GameObjects\Monster\Zombie\00. Body_Zombie">
      <UniqueIdentifier>{f1c38f59-c0be-4535-b1f8-b2bf76de9d77}</UniqueIdentifier>
    </Filter>
    <Filter Include="02.GameObjects\Monster\Zombie\01. State">
      <UniqueIdentifier>{2e037a48-045f-4e3a-b4a4-f170ea2c96be}</UniqueIdentifier>
    </Filter>
    <Filter Include="02.GameObjects\Monster\Zombie\01. State\Zombie_Attack">
      <UniqueIdentifier>{2cd89c5d-710a-4e64-a216-36114b69581a}</UniqueIdentifier>
    </Filter>
    <Filter Include="02.GameObjects\Monster\Zombie\01. State\Zombie_GetHit">
      <UniqueIdentifier>{3fa056bc-39bd-49bf-a1ca-de90e3123438}</UniqueIdentifier>
    </Filter>
    <Filter Include="02.GameObjects\Monster\Zombie\01. State\Zombie_Stun">
      <UniqueIdentifier>{da8c0f8c-285a-4e75-892c-0ceb54e4d5e3}</UniqueIdentifier>
    </Filter>
    <Filter Include="02.GameObjects\Monster\Zombie\01. State\Zombie_Idle">
      <UniqueIdentifier>{6ef0e423-d2e3-47c1-86aa-5a2a2d3be815}</UniqueIdentifier>
    </Filter>
    <Filter Include="02.GameObjects\Monster\Zombie\01. State\Zombie_Walk">
      <UniqueIdentifier>{8e7041c5-aa30-467a-b7d9-ad11d45d370e}</UniqueIdentifier>
    </Filter>
    <Filter Include="02.GameObjects\Monster\Zombie\01. State\Zombie_Sleep">
      <UniqueIdentifier>{c404b55d-3e06-430d-8643-66871d11ff98}</UniqueIdentifier>
    </Filter>
    <Filter Include="02.GameObjects\Player\02. State\Player_Attack">
      <UniqueIdentifier>{09cc7a4b-418f-46c1-972f-dd7dc99dca77}</UniqueIdentifier>
    </Filter>
    <Filter Include="02.GameObjects\Player\02. State\Player_Attack\Player_Glaive_Combo">
      <UniqueIdentifier>{bc024a76-42c2-4c9a-9ecd-4c55df8757f5}</UniqueIdentifier>
    </Filter>
    <Filter Include="02.GameObjects\Player\02. State\Player_GetHit">
      <UniqueIdentifier>{ec2f2eb7-86f5-4d82-b48b-db550ed92c84}</UniqueIdentifier>
    </Filter>
    <Filter Include="02.GameObjects\Monster\Skeleton">
      <UniqueIdentifier>{ea033f82-cc04-4cda-ba19-522de26c7a4f}</UniqueIdentifier>
    </Filter>
    <Filter Include="02.GameObjects\Monster\Skeleton\00. Body_Skeleton">
      <UniqueIdentifier>{557a3983-6cc4-40dd-8a9e-d9bbfa9a168f}</UniqueIdentifier>
    </Filter>
    <Filter Include="02.GameObjects\Monster\Skeleton\01. State">
      <UniqueIdentifier>{918e96c2-d0aa-4aad-a0a1-0d1dd40854b8}</UniqueIdentifier>
    </Filter>
    <Filter Include="02.GameObjects\Monster\Skeleton\01. State\Skeleton_Idle">
      <UniqueIdentifier>{9ce11e69-7281-495e-a8be-6ec9c7b28dd2}</UniqueIdentifier>
    </Filter>
    <Filter Include="02.GameObjects\Monster\Skeleton\01. State\Skeleton_Walk">
      <UniqueIdentifier>{fcea4a69-afab-4f0a-bdd8-553a62183101}</UniqueIdentifier>
    </Filter>
    <Filter Include="02.GameObjects\Monster\Skeleton\01. State\Skeleton_HeadSpin">
      <UniqueIdentifier>{4e1846b7-c3e7-4f41-a473-7d9b744169c4}</UniqueIdentifier>
    </Filter>
    <Filter Include="02.GameObjects\Monster\Skeleton\01. State\Skeleton_GetHit">
      <UniqueIdentifier>{aee1c940-b731-4a06-b78c-4d395d84c8d7}</UniqueIdentifier>
    </Filter>
    <Filter Include="02.GameObjects\Monster\Skeleton\01. State\Skeleton_BowAction">
      <UniqueIdentifier>{757f20cf-5865-4d73-9099-fee7866e62a8}</UniqueIdentifier>
    </Filter>
    <Filter Include="01.Levels\02. Lounge">
      <UniqueIdentifier>{fae995d6-0f45-4682-97aa-35fe9c6e9a44}</UniqueIdentifier>
    </Filter>
    <Filter Include="02.GameObjects\UIObjects\Inventory\InventoryIcon">
      <UniqueIdentifier>{a672ba4a-bb13-4ecb-a7d8-5c4d0d1fb614}</UniqueIdentifier>
    </Filter>
    <Filter Include="02.GameObjects\Item">
      <UniqueIdentifier>{986d68eb-39f5-4cd9-afec-fc22bf5a13eb}</UniqueIdentifier>
    </Filter>
    <Filter Include="03. Inventory">
      <UniqueIdentifier>{141438c3-b8df-4b8c-b93f-a466fc15c1c1}</UniqueIdentifier>
    </Filter>
    <Filter Include="02.GameObjects\Arrow">
      <UniqueIdentifier>{893bd376-3991-4702-af61-bf48a5e6ff93}</UniqueIdentifier>
    </Filter>
    <Filter Include="02.GameObjects\Player\02. State\Player_Attack\Player_BowAction">
      <UniqueIdentifier>{ec22efd6-d6f8-4601-ac97-fcd8afe526e8}</UniqueIdentifier>
    </Filter>
    <Filter Include="02.GameObjects\Item\Melee_Weapon">
      <UniqueIdentifier>{d3f7fb40-c485-4381-a9ed-568de920ebad}</UniqueIdentifier>
    </Filter>
    <Filter Include="02.GameObjects\Item\Melee_Weapon\Glaive">
      <UniqueIdentifier>{eceafa73-f980-4124-9299-94b46878732a}</UniqueIdentifier>
    </Filter>
    <Filter Include="02.GameObjects\Item\Artifact">
      <UniqueIdentifier>{95770eb8-e502-4964-90a4-7bf140a5d52f}</UniqueIdentifier>
    </Filter>
    <Filter Include="02.GameObjects\Item\Ranged_Weapon">
      <UniqueIdentifier>{63859ab4-7dc8-4ac3-91bb-25ebb96f4291}</UniqueIdentifier>
    </Filter>
    <Filter Include="02.GameObjects\Item\Ranged_Weapon\ShortBow">
      <UniqueIdentifier>{357aa7d7-963a-4187-9b68-1fb06e1baf3d}</UniqueIdentifier>
    </Filter>
    <Filter Include="02.GameObjects\Item\Ranged_Weapon\Bow">
      <UniqueIdentifier>{57d21c53-5f98-4859-ae85-c003d0ff863d}</UniqueIdentifier>
    </Filter>
    <Filter Include="01.Levels\03. SoggySwamp">
      <UniqueIdentifier>{9c0a999c-4f62-4586-9481-02340adabd81}</UniqueIdentifier>
    </Filter>
    <Filter Include="02.GameObjects\Level_Trigger">
      <UniqueIdentifier>{1d042e17-86bc-427c-83ad-d4c6d8f4f3df}</UniqueIdentifier>
    </Filter>
    <Filter Include="02.GameObjects\SoggySwampMap">
      <UniqueIdentifier>{2b962968-0e94-4a2e-ad56-4d850404631f}</UniqueIdentifier>
    </Filter>
    <Filter Include="02.GameObjects\Monster\BabyZombie">
      <UniqueIdentifier>{3bf345ce-a23d-43b0-abfe-954a13f6aa4d}</UniqueIdentifier>
    </Filter>
    <Filter Include="02.GameObjects\Monster\BabyZombie\01. State">
      <UniqueIdentifier>{3d89ef3d-a690-4596-be5e-5ce6aae1e1a8}</UniqueIdentifier>
    </Filter>
    <Filter Include="02.GameObjects\Monster\BabyZombie\01. State\BabyZombie_Walk">
      <UniqueIdentifier>{476667f2-4050-4e7f-acd1-8cc05247e0a2}</UniqueIdentifier>
    </Filter>
    <Filter Include="02.GameObjects\Monster\BabyZombie\01. State\BabyZombie_Attack">
      <UniqueIdentifier>{f98e1a97-ac04-4daa-a169-e17debae4034}</UniqueIdentifier>
    </Filter>
    <Filter Include="02.GameObjects\Monster\BabyZombie\01. State\BabyZombie_Novelty">
      <UniqueIdentifier>{f5799798-5a46-45fc-a7d7-821b6dfd5ad3}</UniqueIdentifier>
    </Filter>
    <Filter Include="02.GameObjects\Monster\BabyZombie\01. State\BabyZombie_GetHit">
      <UniqueIdentifier>{fc9e17c7-700f-41b4-a7a6-b92619c399f2}</UniqueIdentifier>
    </Filter>
    <Filter Include="02.GameObjects\Monster\Slime">
      <UniqueIdentifier>{05d750de-dea8-41b1-9a75-2df07c71f62f}</UniqueIdentifier>
    </Filter>
    <Filter Include="02.GameObjects\Monster\Slime\Slime_Large">
      <UniqueIdentifier>{2109de68-956e-4d7e-8518-80714c4cf38a}</UniqueIdentifier>
    </Filter>
    <Filter Include="02.GameObjects\Monster\Slime\Slime_Large\00. Body">
      <UniqueIdentifier>{929d2a3e-2aa3-4331-a698-43c4d79bb3a2}</UniqueIdentifier>
    </Filter>
    <Filter Include="02.GameObjects\Monster\Slime\Slime_Large\01. State">
      <UniqueIdentifier>{31b45a82-0337-48fc-8451-ebeda7a9a767}</UniqueIdentifier>
    </Filter>
    <Filter Include="02.GameObjects\Monster\Slime\Slime_Large\01. State\Slime_Large_Idle">
      <UniqueIdentifier>{573b4b6b-88a8-4249-99a1-2a24853756dd}</UniqueIdentifier>
    </Filter>
    <Filter Include="02.GameObjects\Monster\Slime\Slime_Large\01. State\Slime_Large_Attack">
      <UniqueIdentifier>{5e75937a-3657-4925-8759-c98568e9aa10}</UniqueIdentifier>
    </Filter>
    <Filter Include="02.GameObjects\Monster\Slime\Slime_Large\01. State\Slime_Large_Walk">
      <UniqueIdentifier>{1629eb93-249b-4c4b-b385-31ee71ba5eb2}</UniqueIdentifier>
    </Filter>
    <Filter Include="02.GameObjects\Monster\Slime\Slime_Large\01. State\Slime_Large_Stun">
      <UniqueIdentifier>{4408f859-a94e-4709-8c07-e35ca5789585}</UniqueIdentifier>
    </Filter>
    <Filter Include="02.GameObjects\Monster\Slime\Slime_Medium">
      <UniqueIdentifier>{c788c731-7759-4598-80d6-1846c1b70d6e}</UniqueIdentifier>
    </Filter>
    <Filter Include="02.GameObjects\Monster\Slime\Slime_Medium\00. Body">
      <UniqueIdentifier>{5dc8c2fc-d513-47bc-83de-646a923e3b21}</UniqueIdentifier>
    </Filter>
    <Filter Include="02.GameObjects\Monster\Slime\Slime_Medium\01. State">
      <UniqueIdentifier>{fafafdbd-0a5b-4e13-bc8d-72ca0ec0f241}</UniqueIdentifier>
    </Filter>
    <Filter Include="02.GameObjects\Monster\Slime\Slime_Medium\01. State\Slime_Medium_Idle">
      <UniqueIdentifier>{2d93dcf3-66d7-4851-8cdd-94b3faaa1ef3}</UniqueIdentifier>
    </Filter>
    <Filter Include="02.GameObjects\Monster\Slime\Slime_Medium\01. State\Slime_Medium_Attack">
      <UniqueIdentifier>{57efaaa9-4097-4b0d-babd-82259a5d5712}</UniqueIdentifier>
    </Filter>
    <Filter Include="02.GameObjects\Monster\Slime\Slime_Medium\01. State\Slime_Medium_Novelty">
      <UniqueIdentifier>{1579c07d-a7c9-44ac-b141-a7a48f02ba35}</UniqueIdentifier>
    </Filter>
    <Filter Include="02.GameObjects\Monster\Slime\Slime_Medium\01. State\Slime_Medium_Walk">
      <UniqueIdentifier>{cd16d7a4-6dd4-46a2-b330-91724c16eeff}</UniqueIdentifier>
    </Filter>
    <Filter Include="02.GameObjects\Monster\Slime\Slime_Medium\01. State\Slime_Medium_Stun">
      <UniqueIdentifier>{675e2077-3d4c-4a43-930f-0d8742b33e95}</UniqueIdentifier>
    </Filter>
    <Filter Include="02.GameObjects\Item\Armor">
      <UniqueIdentifier>{34388724-7958-45d4-a88a-b7b07cd66698}</UniqueIdentifier>
    </Filter>
    <Filter Include="02.GameObjects\Monster\BabyZombie\00. Body_BabyZombie">
      <UniqueIdentifier>{88dfeff6-640c-43ec-9814-1f1e3abffd06}</UniqueIdentifier>
    </Filter>
    <Filter Include="02.GameObjects\Item\Armor\Wolf_Armor">
      <UniqueIdentifier>{5398ece9-bbb2-4d11-a507-ae8dede8243b}</UniqueIdentifier>
    </Filter>
    <Filter Include="02.GameObjects\Item\Armor\Wolf_Armor\Mask">
      <UniqueIdentifier>{404765d5-b382-4cfb-a40c-1a2cd2d9595e}</UniqueIdentifier>
    </Filter>
    <Filter Include="02.GameObjects\Item\Armor\Wolf_Armor\Body">
      <UniqueIdentifier>{06eba003-27a1-4a2f-a52b-27ab16d99a70}</UniqueIdentifier>
    </Filter>
    <Filter Include="02.GameObjects\Item\Armor\Wolf_Armor\Arm">
      <UniqueIdentifier>{7e295b32-cd49-4c88-9464-cc29f45d6b1d}</UniqueIdentifier>
    </Filter>
    <Filter Include="02.GameObjects\Item\Armor\Wolf_Armor\Arm\L_Arm">
      <UniqueIdentifier>{5dbc7051-6633-4009-a8ae-24651a34d705}</UniqueIdentifier>
    </Filter>
    <Filter Include="02.GameObjects\Item\Armor\Wolf_Armor\Arm\R_Arm">
      <UniqueIdentifier>{6676739b-532d-42f7-9364-ee1702923efa}</UniqueIdentifier>
    </Filter>
    <Filter Include="02.GameObjects\Item\Armor\Wolf_Armor\Leg">
      <UniqueIdentifier>{bacd938a-1f06-45fe-b695-642c8c8117bb}</UniqueIdentifier>
    </Filter>
    <Filter Include="02.GameObjects\Item\Armor\Wolf_Armor\Leg\L_Leg">
      <UniqueIdentifier>{cc8e7e8f-787c-4b53-bd52-a0b68eedb0ee}</UniqueIdentifier>
    </Filter>
    <Filter Include="02.GameObjects\Item\Armor\Wolf_Armor\Leg\R_Leg">
      <UniqueIdentifier>{410587d1-e093-444b-a8a3-70bbfcb1839d}</UniqueIdentifier>
    </Filter>
    <Filter Include="02.GameObjects\Monster\Slime\Slime_Small">
      <UniqueIdentifier>{8faa4c16-70fb-4365-8976-2d161e173fc4}</UniqueIdentifier>
    </Filter>
    <Filter Include="02.GameObjects\Monster\Slime\Slime_Small\00. Body">
      <UniqueIdentifier>{6afa40c9-f74e-439d-b673-384d5eb5a17b}</UniqueIdentifier>
    </Filter>
    <Filter Include="02.GameObjects\Monster\Slime\Slime_Small\01. State">
      <UniqueIdentifier>{41598d94-1ae4-4cfa-b46e-22d288899fc6}</UniqueIdentifier>
    </Filter>
    <Filter Include="02.GameObjects\Monster\Slime\Slime_Small\01. State\Slime_Small_Idle">
      <UniqueIdentifier>{65b11b65-748f-4840-b80b-0cdc0de9c48d}</UniqueIdentifier>
    </Filter>
    <Filter Include="02.GameObjects\Monster\Slime\Slime_Small\01. State\Slime_Small_Walk">
      <UniqueIdentifier>{48aa590c-cf99-4f0c-af09-4f750d7f7f7a}</UniqueIdentifier>
    </Filter>
    <Filter Include="02.GameObjects\Monster\Slime\Slime_Small\01. State\Slime_Small_Novelty">
      <UniqueIdentifier>{8f3145cc-019e-4a7f-aee1-e156b84b6e7b}</UniqueIdentifier>
    </Filter>
    <Filter Include="02.GameObjects\Monster\Slime\Slime_Small\01. State\Slime_Small_Attack">
      <UniqueIdentifier>{9b08e7eb-c45d-4b60-9d05-351bf7932379}</UniqueIdentifier>
    </Filter>
    <Filter Include="02.GameObjects\LobbyChest">
      <UniqueIdentifier>{f398542a-0797-4d47-8d95-91b8dda658fb}</UniqueIdentifier>
    </Filter>
    <Filter Include="02.GameObjects\LobbyChest\ChestIcon">
      <UniqueIdentifier>{f92f5617-6f9e-4b67-b261-2396cb17cc11}</UniqueIdentifier>
    </Filter>
    <Filter Include="02.GameObjects\Monster\Slime\Slime_Cauldron">
      <UniqueIdentifier>{8552b650-ffb5-406c-ba6a-14d25b12327b}</UniqueIdentifier>
    </Filter>
    <Filter Include="02.GameObjects\Monster\Slime\Slime_Cauldron\00. Body">
      <UniqueIdentifier>{57834bad-103c-491d-92dd-23ca999ad413}</UniqueIdentifier>
    </Filter>
    <Filter Include="02.GameObjects\Bullet">
      <UniqueIdentifier>{ad1ae41b-9d8f-4f29-a42e-23d43a98324a}</UniqueIdentifier>
    </Filter>
    <Filter Include="02.GameObjects\Monster\Vindicator">
      <UniqueIdentifier>{10110c8b-aafd-4651-a77c-35864f95e8d8}</UniqueIdentifier>
    </Filter>
    <Filter Include="02.GameObjects\Monster\Vindicator\00. Body">
      <UniqueIdentifier>{16fe1a2b-718c-4241-a5b1-1e8e12517b14}</UniqueIdentifier>
    </Filter>
    <Filter Include="02.GameObjects\Monster\Vindicator\01. State">
      <UniqueIdentifier>{0e52d0f5-6e3c-407f-9b30-aa119bd66b70}</UniqueIdentifier>
    </Filter>
    <Filter Include="02.GameObjects\Monster\Vindicator\01. State\Vindicator_Idle">
      <UniqueIdentifier>{ca3f03b9-dbca-4832-8d94-66b7a6e67d12}</UniqueIdentifier>
    </Filter>
    <Filter Include="02.GameObjects\Monster\Vindicator\01. State\Vindicator_Walk">
      <UniqueIdentifier>{7fb45f62-1eb6-4d1f-9487-389c4defd538}</UniqueIdentifier>
    </Filter>
    <Filter Include="02.GameObjects\Monster\Vindicator\01. State\Vindicator_Novelty">
      <UniqueIdentifier>{5a25d8b2-b830-49da-bfb7-b42a0a77cca0}</UniqueIdentifier>
    </Filter>
    <Filter Include="02.GameObjects\Monster\Vindicator\01. State\Vindicator_Attack">
      <UniqueIdentifier>{1ce42cff-10a2-419f-beaa-d7b9a51acce0}</UniqueIdentifier>
    </Filter>
    <Filter Include="02.GameObjects\Item\Melee_Weapon\Axe">
      <UniqueIdentifier>{e8c37d4b-83ed-4921-85d8-a56fe4ee245d}</UniqueIdentifier>
    </Filter>
    <Filter Include="02.GameObjects\Monster\CauldronBoss">
      <UniqueIdentifier>{8c3d2862-4e07-490d-8062-b656d4dbc169}</UniqueIdentifier>
    </Filter>
    <Filter Include="02.GameObjects\Monster\CauldronBoss\00. Body">
      <UniqueIdentifier>{b6610525-39d2-4f4a-8283-a5fb7d13f33a}</UniqueIdentifier>
    </Filter>
    <Filter Include="02.GameObjects\Monster\CauldronBoss\01. State">
      <UniqueIdentifier>{cd9b72c6-82f6-4fc0-b889-df930e6fba9b}</UniqueIdentifier>
    </Filter>
    <Filter Include="02.GameObjects\Monster\CauldronBoss\01. State\CauldronBoss Idle">
      <UniqueIdentifier>{d243c7c1-b145-4202-8737-cdeefed16b6c}</UniqueIdentifier>
    </Filter>
    <Filter Include="02.GameObjects\Monster\CauldronBoss\01. State\CauldronBoss BasicAttack">
      <UniqueIdentifier>{d88192de-6859-463a-b5ae-da36fa948802}</UniqueIdentifier>
    </Filter>
    <Filter Include="02.GameObjects\Monster\CauldronBoss\01. State\CauldronBoss IntenseSpin">
      <UniqueIdentifier>{0fc64abd-d455-4626-a422-7c8c36728479}</UniqueIdentifier>
    </Filter>
    <Filter Include="02.GameObjects\Monster\CauldronBoss\01. State\CauldronBoss StrongAttack">
      <UniqueIdentifier>{5dc2f529-1942-474b-8faa-2ef3502697b9}</UniqueIdentifier>
    </Filter>
    <Filter Include="02.GameObjects\Monster\Slime\Slime_Cauldron\01. State">
      <UniqueIdentifier>{efd2f0dc-60d8-40d0-b6b8-a8cf9775add4}</UniqueIdentifier>
    </Filter>
    <Filter Include="02.GameObjects\Monster\Slime\Slime_Cauldron\01. State\Slime_Cauldron_Idle">
      <UniqueIdentifier>{e8ad416a-0179-4262-9147-bee87d870bda}</UniqueIdentifier>
    </Filter>
    <Filter Include="02.GameObjects\Monster\Slime\Slime_Cauldron\01. State\Slime_Cauldron_Attack">
      <UniqueIdentifier>{774d764b-8e18-432e-a0e0-9f302d4e130f}</UniqueIdentifier>
    </Filter>
    <Filter Include="02.GameObjects\Monster\Slime\Slime_Cauldron\02. Bullet">
      <UniqueIdentifier>{68b11009-f072-42ac-9207-f244e50ec9c6}</UniqueIdentifier>
    </Filter>
    <Filter Include="02.GameObjects\Monster\BabyZombie\01. State\BabyZombie_Dead">
      <UniqueIdentifier>{cf91a26d-b31e-432e-a422-37bd046f3e22}</UniqueIdentifier>
    </Filter>
    <Filter Include="02.GameObjects\Monster\Zombie\01. State\Zombie_Dead">
      <UniqueIdentifier>{bddc1dcf-46a2-4560-aa95-6108f8c3e2aa}</UniqueIdentifier>
    </Filter>
    <Filter Include="02.GameObjects\Monster\Vindicator\01. State\Vindicator_Dead">
      <UniqueIdentifier>{8af04970-2cc5-44f4-ae26-e575e8f48c83}</UniqueIdentifier>
    </Filter>
    <Filter Include="02.GameObjects\Monster\Skeleton\01. State\Skeleton_Dead">
      <UniqueIdentifier>{a0a46f7e-5a4d-4815-85b3-85395488f5e9}</UniqueIdentifier>
    </Filter>
    <Filter Include="02.GameObjects\Monster\BabyZombie\01. State\BabyZombie_Idle">
      <UniqueIdentifier>{76e92df8-fa7f-4785-8567-93a869c1e8f4}</UniqueIdentifier>
    </Filter>
  </ItemGroup>
  <ItemGroup>
    <ClInclude Include="Client.h">
      <Filter>98.Default</Filter>
    </ClInclude>
    <ClInclude Include="framework.h">
      <Filter>98.Default</Filter>
    </ClInclude>
    <ClInclude Include="Resource.h">
      <Filter>98.Default</Filter>
    </ClInclude>
    <ClInclude Include="targetver.h">
      <Filter>98.Default</Filter>
    </ClInclude>
    <ClInclude Include="..\Public\MainApp.h">
      <Filter>00.MainApp</Filter>
    </ClInclude>
    <ClInclude Include="..\Public\Client_Defines.h">
      <Filter>99.Defines</Filter>
    </ClInclude>
    <ClInclude Include="..\Public\Level_Loading.h">
      <Filter>01.Levels\00.Loading</Filter>
    </ClInclude>
    <ClInclude Include="..\Public\Loader.h">
      <Filter>01.Levels\00.Loading\Loader</Filter>
    </ClInclude>
    <ClInclude Include="..\Public\Level_Lounge.h">
      <Filter>01.Levels\02. Lounge</Filter>
    </ClInclude>
    <ClInclude Include="..\public\Camera_Free.h">
      <Filter>02.GameObjects\Camera\Free</Filter>
    </ClInclude>
    <ClInclude Include="..\Public\Level_Title.h">
      <Filter>01.Levels\01. Title</Filter>
    </ClInclude>
    <ClInclude Include="..\Public\Monster.h">
      <Filter>02.GameObjects\Monster</Filter>
    </ClInclude>
    <ClInclude Include="..\Public\Player.h">
      <Filter>02.GameObjects\Player</Filter>
    </ClInclude>
    <ClInclude Include="..\Public\PlayerHP.h">
      <Filter>02.GameObjects\UIObjects\HPbar</Filter>
    </ClInclude>
    <ClInclude Include="..\Public\Body_Player.h">
      <Filter>02.GameObjects\Player\00. Body_Player</Filter>
    </ClInclude>
    <ClInclude Include="..\Public\UI_Image.h">
      <Filter>02.GameObjects\UIObjects\UI_Image%28static%29</Filter>
    </ClInclude>
    <ClInclude Include="..\Public\InventoryBase.h">
      <Filter>02.GameObjects\UIObjects\Inventory\Inventory_Base</Filter>
    </ClInclude>
    <ClInclude Include="..\Public\InventoryStoreSlot.h">
      <Filter>02.GameObjects\UIObjects\Inventory\Inventory_StoreSlot</Filter>
    </ClInclude>
    <ClInclude Include="..\Public\InventoryGearSlot.h">
      <Filter>02.GameObjects\UIObjects\Inventory\InventoryGearSlot</Filter>
    </ClInclude>
    <ClInclude Include="..\Public\InventoryArtifactSlot.h">
      <Filter>02.GameObjects\UIObjects\Inventory\InventoryItemSlot</Filter>
    </ClInclude>
    <ClInclude Include="..\Public\LoungeMap.h">
      <Filter>02.GameObjects\LoungeMap</Filter>
    </ClInclude>
    <ClInclude Include="..\Public\Sky.h">
      <Filter>02.GameObjects\Sky</Filter>
    </ClInclude>
    <ClInclude Include="..\Public\State.h">
      <Filter>96. FSM\State</Filter>
    </ClInclude>
    <ClInclude Include="..\Public\FSM.h">
      <Filter>96. FSM</Filter>
    </ClInclude>
    <ClInclude Include="..\Public\Client_Enum.h">
      <Filter>99.Defines</Filter>
    </ClInclude>
    <ClInclude Include="..\Public\Player_Idle.h">
      <Filter>02.GameObjects\Player\02. State\Player_Idle</Filter>
    </ClInclude>
    <ClInclude Include="..\Public\Player_Walk.h">
      <Filter>02.GameObjects\Player\02. State\Player_Walk</Filter>
    </ClInclude>
    <ClInclude Include="..\Public\State_Player.h">
      <Filter>02.GameObjects\Player\02. State</Filter>
    </ClInclude>
    <ClInclude Include="..\Public\Player_Roll.h">
      <Filter>02.GameObjects\Player\02. State\Player_Roll</Filter>
    </ClInclude>
    <ClInclude Include="..\Public\Body_Zombie.h">
      <Filter>02.GameObjects\Monster\Zombie\00. Body_Zombie</Filter>
    </ClInclude>
    <ClInclude Include="..\Public\Zombie.h">
      <Filter>02.GameObjects\Monster\Zombie</Filter>
    </ClInclude>
    <ClInclude Include="..\Public\Zombie_Idle.h">
      <Filter>02.GameObjects\Monster\Zombie\01. State\Zombie_Idle</Filter>
    </ClInclude>
    <ClInclude Include="..\Public\Zombie_Walk.h">
      <Filter>02.GameObjects\Monster\Zombie\01. State\Zombie_Walk</Filter>
    </ClInclude>
    <ClInclude Include="..\Public\Zombie_Attack.h">
      <Filter>02.GameObjects\Monster\Zombie\01. State\Zombie_Attack</Filter>
    </ClInclude>
    <ClInclude Include="..\Public\Zombie_GetHit.h">
      <Filter>02.GameObjects\Monster\Zombie\01. State\Zombie_GetHit</Filter>
    </ClInclude>
    <ClInclude Include="..\Public\Zombie_Stun.h">
      <Filter>02.GameObjects\Monster\Zombie\01. State\Zombie_Stun</Filter>
    </ClInclude>
    <ClInclude Include="..\Public\Zombie_Sleep.h">
      <Filter>02.GameObjects\Monster\Zombie\01. State\Zombie_Sleep</Filter>
    </ClInclude>
    <ClInclude Include="..\Public\State_Monster.h">
      <Filter>02.GameObjects\Monster</Filter>
    </ClInclude>
    <ClInclude Include="..\Public\State_Zombie.h">
      <Filter>02.GameObjects\Monster\Zombie\01. State</Filter>
    </ClInclude>
    <ClInclude Include="..\Public\Player_Glaive_Combo.h">
      <Filter>02.GameObjects\Player\02. State\Player_Attack\Player_Glaive_Combo</Filter>
    </ClInclude>
    <ClInclude Include="..\Public\Player_GetHit.h">
      <Filter>02.GameObjects\Player\02. State\Player_GetHit</Filter>
    </ClInclude>
    <ClInclude Include="..\Public\Skeleton.h">
      <Filter>02.GameObjects\Monster\Skeleton</Filter>
    </ClInclude>
    <ClInclude Include="..\Public\Body_Skeleton.h">
      <Filter>02.GameObjects\Monster\Skeleton\00. Body_Skeleton</Filter>
    </ClInclude>
    <ClInclude Include="..\Public\Skeleton_Idle.h">
      <Filter>02.GameObjects\Monster\Skeleton\01. State\Skeleton_Idle</Filter>
    </ClInclude>
    <ClInclude Include="..\Public\State_Skeleton.h">
      <Filter>02.GameObjects\Monster\Skeleton\01. State</Filter>
    </ClInclude>
    <ClInclude Include="..\Public\MonsterState.h">
      <Filter>99.Defines</Filter>
    </ClInclude>
    <ClInclude Include="..\Public\Skeleton_Walk.h">
      <Filter>02.GameObjects\Monster\Skeleton\01. State\Skeleton_Walk</Filter>
    </ClInclude>
    <ClInclude Include="..\Public\Skeleton_HeadSpin.h">
      <Filter>02.GameObjects\Monster\Skeleton\01. State\Skeleton_HeadSpin</Filter>
    </ClInclude>
    <ClInclude Include="..\Public\Skeleton_GetHit.h">
      <Filter>02.GameObjects\Monster\Skeleton\01. State\Skeleton_GetHit</Filter>
    </ClInclude>
    <ClInclude Include="..\Public\Skeleton_BowAction.h">
      <Filter>02.GameObjects\Monster\Skeleton\01. State\Skeleton_BowAction</Filter>
    </ClInclude>
    <ClInclude Include="..\Public\InventorySlot.h">
      <Filter>02.GameObjects\UIObjects\Inventory</Filter>
    </ClInclude>
    <ClInclude Include="..\Public\InventoryIcon.h">
      <Filter>02.GameObjects\UIObjects\Inventory\InventoryIcon</Filter>
    </ClInclude>
    <ClInclude Include="..\Public\Item.h">
      <Filter>02.GameObjects\Item</Filter>
    </ClInclude>
    <ClInclude Include="..\Public\InventoryData.h">
      <Filter>03. Inventory</Filter>
    </ClInclude>
    <ClInclude Include="..\Public\EventTypes.h">
      <Filter>99.Defines</Filter>
    </ClInclude>
    <ClInclude Include="..\Public\Weapon_Glaive.h">
      <Filter>02.GameObjects\Item\Melee_Weapon\Glaive</Filter>
    </ClInclude>
    <ClInclude Include="..\Public\Weapon_ShortBow.h">
      <Filter>02.GameObjects\Item\Ranged_Weapon\ShortBow</Filter>
    </ClInclude>
    <ClInclude Include="..\Public\Player_Arrow.h">
      <Filter>02.GameObjects\Arrow</Filter>
    </ClInclude>
    <ClInclude Include="..\Public\ArrowPool_Player.h">
      <Filter>02.GameObjects\Arrow</Filter>
    </ClInclude>
    <ClInclude Include="..\Public\Player_BowAction.h">
      <Filter>02.GameObjects\Player\02. State\Player_Attack\Player_BowAction</Filter>
    </ClInclude>
    <ClInclude Include="..\Public\ArrowPool_Monster.h">
      <Filter>02.GameObjects\Arrow</Filter>
    </ClInclude>
    <ClInclude Include="..\Public\Monster_Arrow.h">
      <Filter>02.GameObjects\Arrow</Filter>
    </ClInclude>
    <ClInclude Include="..\Public\Weapon_Bow.h">
      <Filter>02.GameObjects\Item\Ranged_Weapon\Bow</Filter>
    </ClInclude>
    <ClInclude Include="..\Public\Level_SoggySwamp.h">
      <Filter>01.Levels\03. SoggySwamp</Filter>
    </ClInclude>
    <ClInclude Include="..\Public\SoggySwampMap.h">
      <Filter>02.GameObjects\SoggySwampMap</Filter>
    </ClInclude>
    <ClInclude Include="..\Public\Level_Trigger.h">
      <Filter>02.GameObjects\Level_Trigger</Filter>
    </ClInclude>
    <ClInclude Include="..\Public\BabyZombie.h">
      <Filter>02.GameObjects\Monster\BabyZombie</Filter>
    </ClInclude>
    <ClInclude Include="..\Public\Body_BabyZombie.h">
      <Filter>02.GameObjects\Monster\BabyZombie\00. Body_BabyZombie</Filter>
    </ClInclude>
    <ClInclude Include="..\Public\BabyZombie_GetHit.h">
      <Filter>02.GameObjects\Monster\BabyZombie\01. State\BabyZombie_GetHit</Filter>
    </ClInclude>
    <ClInclude Include="..\Public\BabyZombie_Idle.h">
      <Filter>02.GameObjects\Monster\BabyZombie\01. State\BabyZombie_Idle</Filter>
    </ClInclude>
    <ClInclude Include="..\Public\BabyZombie_Walk.h">
      <Filter>02.GameObjects\Monster\BabyZombie\01. State\BabyZombie_Walk</Filter>
    </ClInclude>
    <ClInclude Include="..\Public\BabyZombie_Novelty.h">
      <Filter>02.GameObjects\Monster\BabyZombie\01. State\BabyZombie_Novelty</Filter>
    </ClInclude>
    <ClInclude Include="..\Public\BabyZombie_Attack.h">
      <Filter>02.GameObjects\Monster\BabyZombie\01. State\BabyZombie_Attack</Filter>
    </ClInclude>
    <ClInclude Include="..\Public\State_BabyZombie.h">
      <Filter>02.GameObjects\Monster\BabyZombie\01. State</Filter>
    </ClInclude>
    <ClInclude Include="..\Public\Slime_Large.h">
      <Filter>02.GameObjects\Monster\Slime\Slime_Large</Filter>
    </ClInclude>
    <ClInclude Include="..\Public\Body_Slime_Large.h">
      <Filter>02.GameObjects\Monster\Slime\Slime_Large\00. Body</Filter>
    </ClInclude>
    <ClInclude Include="..\Public\Slime_Large_Attack.h">
      <Filter>02.GameObjects\Monster\Slime\Slime_Large\01. State\Slime_Large_Attack</Filter>
    </ClInclude>
    <ClInclude Include="..\Public\Slime_Large_Idle.h">
      <Filter>02.GameObjects\Monster\Slime\Slime_Large\01. State\Slime_Large_Idle</Filter>
    </ClInclude>
    <ClInclude Include="..\Public\Slime_Large_Stun.h">
      <Filter>02.GameObjects\Monster\Slime\Slime_Large\01. State\Slime_Large_Stun</Filter>
    </ClInclude>
    <ClInclude Include="..\Public\State_Slime_Large.h">
      <Filter>02.GameObjects\Monster\Slime\Slime_Large\01. State</Filter>
    </ClInclude>
    <ClInclude Include="..\Public\Slime_Large_Walk.h">
      <Filter>02.GameObjects\Monster\Slime\Slime_Large\01. State\Slime_Large_Walk</Filter>
    </ClInclude>
    <ClInclude Include="..\Public\Body_Slime_Medium.h">
      <Filter>02.GameObjects\Monster\Slime\Slime_Medium\00. Body</Filter>
    </ClInclude>
    <ClInclude Include="..\Public\Slime_Medium.h">
      <Filter>02.GameObjects\Monster\Slime\Slime_Medium</Filter>
    </ClInclude>
    <ClInclude Include="..\Public\Slime_Medium_Attack.h">
      <Filter>02.GameObjects\Monster\Slime\Slime_Medium\01. State\Slime_Medium_Attack</Filter>
    </ClInclude>
    <ClInclude Include="..\Public\Slime_Medium_Idle.h">
      <Filter>02.GameObjects\Monster\Slime\Slime_Medium\01. State\Slime_Medium_Idle</Filter>
    </ClInclude>
    <ClInclude Include="..\Public\Slime_Medium_Stun.h">
      <Filter>02.GameObjects\Monster\Slime\Slime_Medium\01. State\Slime_Medium_Stun</Filter>
    </ClInclude>
    <ClInclude Include="..\Public\Slime_Medium_Novelty.h">
      <Filter>02.GameObjects\Monster\Slime\Slime_Medium\01. State\Slime_Medium_Novelty</Filter>
    </ClInclude>
    <ClInclude Include="..\Public\Slime_Medium_Walk.h">
      <Filter>02.GameObjects\Monster\Slime\Slime_Medium\01. State\Slime_Medium_Walk</Filter>
    </ClInclude>
    <ClInclude Include="..\Public\State_Slime_Medium.h">
      <Filter>02.GameObjects\Monster\Slime\Slime_Medium\01. State</Filter>
    </ClInclude>
    <ClInclude Include="..\Public\Armor.h">
      <Filter>02.GameObjects\Item\Armor</Filter>
    </ClInclude>
    <ClInclude Include="..\Public\WolfArmor_Mask.h">
      <Filter>02.GameObjects\Item\Armor\Wolf_Armor\Mask</Filter>
    </ClInclude>
    <ClInclude Include="..\Public\Wolf_Armor.h">
      <Filter>02.GameObjects\Item\Armor\Wolf_Armor</Filter>
    </ClInclude>
    <ClInclude Include="..\Public\WolfArmor_Body.h">
      <Filter>02.GameObjects\Item\Armor\Wolf_Armor\Body</Filter>
    </ClInclude>
    <ClInclude Include="..\Public\WolfArmor_L_Arm.h">
      <Filter>02.GameObjects\Item\Armor\Wolf_Armor\Arm\L_Arm</Filter>
    </ClInclude>
    <ClInclude Include="..\Public\WolfArmor_R_Arm.h">
      <Filter>02.GameObjects\Item\Armor\Wolf_Armor\Arm\R_Arm</Filter>
    </ClInclude>
    <ClInclude Include="..\Public\WolfArmor_L_Leg.h">
      <Filter>02.GameObjects\Item\Armor\Wolf_Armor\Leg\L_Leg</Filter>
    </ClInclude>
    <ClInclude Include="..\Public\WolfArmor_R_Leg.h">
      <Filter>02.GameObjects\Item\Armor\Wolf_Armor\Leg\R_Leg</Filter>
    </ClInclude>
    <ClInclude Include="..\Public\State_Slime_Small.h">
      <Filter>02.GameObjects\Monster\Slime\Slime_Small\01. State</Filter>
    </ClInclude>
    <ClInclude Include="..\Public\Slime_Small_Attack.h">
      <Filter>02.GameObjects\Monster\Slime\Slime_Small\01. State\Slime_Small_Attack</Filter>
    </ClInclude>
    <ClInclude Include="..\Public\Slime_Small_Idle.h">
      <Filter>02.GameObjects\Monster\Slime\Slime_Small\01. State\Slime_Small_Idle</Filter>
    </ClInclude>
    <ClInclude Include="..\Public\Slime_Small_Novelty.h">
      <Filter>02.GameObjects\Monster\Slime\Slime_Small\01. State\Slime_Small_Novelty</Filter>
    </ClInclude>
    <ClInclude Include="..\Public\Slime_Small_Walk.h">
      <Filter>02.GameObjects\Monster\Slime\Slime_Small\01. State\Slime_Small_Walk</Filter>
    </ClInclude>
    <ClInclude Include="..\Public\Slime_Small.h">
      <Filter>02.GameObjects\Monster\Slime\Slime_Small</Filter>
    </ClInclude>
    <ClInclude Include="..\Public\Body_Slime_Small.h">
      <Filter>02.GameObjects\Monster\Slime\Slime_Small\00. Body</Filter>
    </ClInclude>
    <ClInclude Include="..\Public\LobbyChest.h">
      <Filter>02.GameObjects\LobbyChest</Filter>
    </ClInclude>
    <ClInclude Include="..\Public\ChestIcon.h">
      <Filter>02.GameObjects\LobbyChest\ChestIcon</Filter>
    </ClInclude>
    <ClInclude Include="..\Public\Slime_Cauldron.h">
      <Filter>02.GameObjects\Monster\Slime\Slime_Cauldron</Filter>
    </ClInclude>
    <ClInclude Include="..\Public\Body_Slime_Cauldron.h">
      <Filter>02.GameObjects\Monster\Slime\Slime_Cauldron\00. Body</Filter>
    </ClInclude>
    <ClInclude Include="..\Public\State_Slime_Cauldron.h">
      <Filter>02.GameObjects\Monster\Slime\Slime_Cauldron\01. State</Filter>
    </ClInclude>
    <ClInclude Include="..\Public\Slime_Cauldron_Attack.h">
      <Filter>02.GameObjects\Monster\Slime\Slime_Cauldron\01. State\Slime_Cauldron_Attack</Filter>
    </ClInclude>
    <ClInclude Include="..\Public\Slime_Cauldron_Bullet.h">
      <Filter>02.GameObjects\Bullet</Filter>
    </ClInclude>
    <ClInclude Include="..\Public\BulletPool_Monster.h">
      <Filter>02.GameObjects\Bullet</Filter>
    </ClInclude>
    <ClInclude Include="..\Public\Slime_Cauldron_Idle.h">
      <Filter>02.GameObjects\Monster\Slime\Slime_Cauldron\01. State\Slime_Cauldron_Idle</Filter>
    </ClInclude>
    <ClInclude Include="..\Public\State_Vindicator.h">
      <Filter>02.GameObjects\Monster\Vindicator\01. State</Filter>
    </ClInclude>
    <ClInclude Include="..\Public\Vindicator.h">
      <Filter>02.GameObjects\Monster\Vindicator</Filter>
    </ClInclude>
    <ClInclude Include="..\Public\Vindicator_Walk.h">
      <Filter>02.GameObjects\Monster\Vindicator\01. State\Vindicator_Walk</Filter>
    </ClInclude>
    <ClInclude Include="..\Public\Vindicator_Idle.h">
      <Filter>02.GameObjects\Monster\Vindicator\01. State\Vindicator_Idle</Filter>
    </ClInclude>
    <ClInclude Include="..\Public\Vindicator_Attack.h">
      <Filter>02.GameObjects\Monster\Vindicator\01. State\Vindicator_Attack</Filter>
    </ClInclude>
    <ClInclude Include="..\Public\Vindicator_Novelty.h">
      <Filter>02.GameObjects\Monster\Vindicator\01. State\Vindicator_Novelty</Filter>
    </ClInclude>
    <ClInclude Include="..\Public\Body_Vindicator.h">
      <Filter>02.GameObjects\Monster\Vindicator\00. Body</Filter>
    </ClInclude>
    <ClInclude Include="..\Public\Weapon_Axe.h">
      <Filter>02.GameObjects\Item\Melee_Weapon\Axe</Filter>
    </ClInclude>
    <ClInclude Include="..\Public\CauldronBoss.h">
      <Filter>02.GameObjects\Monster\CauldronBoss</Filter>
    </ClInclude>
    <ClInclude Include="..\Public\CauldronBoss_BasicAttack.h">
      <Filter>02.GameObjects\Monster\CauldronBoss\01. State\CauldronBoss BasicAttack</Filter>
    </ClInclude>
    <ClInclude Include="..\Public\CauldronBoss_Idle.h">
      <Filter>02.GameObjects\Monster\CauldronBoss\01. State\CauldronBoss Idle</Filter>
    </ClInclude>
    <ClInclude Include="..\Public\CauldronBoss_StrongAttack.h">
      <Filter>02.GameObjects\Monster\CauldronBoss\01. State\CauldronBoss StrongAttack</Filter>
    </ClInclude>
    <ClInclude Include="..\Public\State_CauldronBoss.h">
      <Filter>02.GameObjects\Monster\CauldronBoss\01. State</Filter>
    </ClInclude>
    <ClInclude Include="..\Public\CauldronBoss_IntenseSpin.h">
      <Filter>02.GameObjects\Monster\CauldronBoss\01. State\CauldronBoss IntenseSpin</Filter>
    </ClInclude>
    <ClInclude Include="..\Public\Body_CauldronBoss.h">
      <Filter>02.GameObjects\Monster\CauldronBoss\00. Body</Filter>
    </ClInclude>
    <ClInclude Include="..\Public\BabyZombie_Dead.h">
      <Filter>02.GameObjects\Monster\BabyZombie\01. State\BabyZombie_Dead</Filter>
    </ClInclude>
    <ClInclude Include="..\Public\Zombie_Dead.h">
      <Filter>02.GameObjects\Monster\Zombie\01. State\Zombie_Dead</Filter>
    </ClInclude>
    <ClInclude Include="..\Public\Vindicator_Dead.h">
      <Filter>02.GameObjects\Monster\Vindicator\01. State\Vindicator_Dead</Filter>
    </ClInclude>
    <ClInclude Include="..\Public\Skeleton_Dead.h">
      <Filter>02.GameObjects\Monster\Skeleton\01. State\Skeleton_Dead</Filter>
    </ClInclude>
  </ItemGroup>
  <ItemGroup>
    <Image Include="Client.ico">
      <Filter>98.Default</Filter>
    </Image>
    <Image Include="small.ico">
      <Filter>98.Default</Filter>
    </Image>
  </ItemGroup>
  <ItemGroup>
    <ResourceCompile Include="Client.rc">
      <Filter>98.Default</Filter>
    </ResourceCompile>
  </ItemGroup>
  <ItemGroup>
    <ClCompile Include="Client.cpp">
      <Filter>98.Default</Filter>
    </ClCompile>
    <ClCompile Include="..\Private\MainApp.cpp">
      <Filter>00.MainApp</Filter>
    </ClCompile>
    <ClCompile Include="..\Private\Level_Loading.cpp">
      <Filter>01.Levels\00.Loading</Filter>
    </ClCompile>
    <ClCompile Include="..\Private\Loader.cpp">
      <Filter>01.Levels\00.Loading\Loader</Filter>
    </ClCompile>
    <ClCompile Include="..\Private\Level_Lounge.cpp">
      <Filter>01.Levels\02. Lounge</Filter>
    </ClCompile>
    <ClCompile Include="..\private\Camera_Free.cpp">
      <Filter>02.GameObjects\Camera\Free</Filter>
    </ClCompile>
    <ClCompile Include="..\Private\Level_Title.cpp">
      <Filter>01.Levels\01. Title</Filter>
    </ClCompile>
    <ClCompile Include="..\Private\Monster.cpp">
      <Filter>02.GameObjects\Monster</Filter>
    </ClCompile>
    <ClCompile Include="..\Private\Player.cpp">
      <Filter>02.GameObjects\Player</Filter>
    </ClCompile>
    <ClCompile Include="..\Private\PlayerHP.cpp">
      <Filter>02.GameObjects\UIObjects\HPbar</Filter>
    </ClCompile>
    <ClCompile Include="..\Private\Body_Player.cpp">
      <Filter>02.GameObjects\Player\00. Body_Player</Filter>
    </ClCompile>
    <ClCompile Include="..\Private\UI_Image.cpp">
      <Filter>02.GameObjects\UIObjects\UI_Image%28static%29</Filter>
    </ClCompile>
    <ClCompile Include="..\Private\InventoryBase.cpp">
      <Filter>02.GameObjects\UIObjects\Inventory\Inventory_Base</Filter>
    </ClCompile>
    <ClCompile Include="..\Private\InventoryStoreSlot.cpp">
      <Filter>02.GameObjects\UIObjects\Inventory\Inventory_StoreSlot</Filter>
    </ClCompile>
    <ClCompile Include="..\Private\InventoryGearSlot.cpp">
      <Filter>02.GameObjects\UIObjects\Inventory\InventoryGearSlot</Filter>
    </ClCompile>
    <ClCompile Include="..\Private\InventoryArtifactSlot.cpp">
      <Filter>02.GameObjects\UIObjects\Inventory\InventoryItemSlot</Filter>
    </ClCompile>
    <ClCompile Include="..\Private\LoungeMap.cpp">
      <Filter>02.GameObjects\LoungeMap</Filter>
    </ClCompile>
    <ClCompile Include="..\Private\Sky.cpp">
      <Filter>02.GameObjects\Sky</Filter>
    </ClCompile>
    <ClCompile Include="..\Private\State.cpp">
      <Filter>96. FSM\State</Filter>
    </ClCompile>
    <ClCompile Include="..\Private\FSM.cpp">
      <Filter>96. FSM</Filter>
    </ClCompile>
    <ClCompile Include="..\Private\Player_Idle.cpp">
      <Filter>02.GameObjects\Player\02. State\Player_Idle</Filter>
    </ClCompile>
    <ClCompile Include="..\Private\Player_Walk.cpp">
      <Filter>02.GameObjects\Player\02. State\Player_Walk</Filter>
    </ClCompile>
    <ClCompile Include="..\Private\State_Player.cpp">
      <Filter>02.GameObjects\Player\02. State</Filter>
    </ClCompile>
    <ClCompile Include="..\Private\Player_Roll.cpp">
      <Filter>02.GameObjects\Player\02. State\Player_Roll</Filter>
    </ClCompile>
    <ClCompile Include="..\Private\Body_Zombie.cpp">
      <Filter>02.GameObjects\Monster\Zombie\00. Body_Zombie</Filter>
    </ClCompile>
    <ClCompile Include="..\Private\Zombie.cpp">
      <Filter>02.GameObjects\Monster\Zombie</Filter>
    </ClCompile>
    <ClCompile Include="..\Private\Zombie_Idle.cpp">
      <Filter>02.GameObjects\Monster\Zombie\01. State\Zombie_Idle</Filter>
    </ClCompile>
    <ClCompile Include="..\Private\Zombie_Walk.cpp">
      <Filter>02.GameObjects\Monster\Zombie\01. State\Zombie_Walk</Filter>
    </ClCompile>
    <ClCompile Include="..\Private\Zombie_Attack.cpp">
      <Filter>02.GameObjects\Monster\Zombie\01. State\Zombie_Attack</Filter>
    </ClCompile>
    <ClCompile Include="..\Private\Zombie_GetHit.cpp">
      <Filter>02.GameObjects\Monster\Zombie\01. State\Zombie_GetHit</Filter>
    </ClCompile>
    <ClCompile Include="..\Private\Zombie_Stun.cpp">
      <Filter>02.GameObjects\Monster\Zombie\01. State\Zombie_Stun</Filter>
    </ClCompile>
    <ClCompile Include="..\Private\Zombie_Sleep.cpp">
      <Filter>02.GameObjects\Monster\Zombie\01. State\Zombie_Sleep</Filter>
    </ClCompile>
    <ClCompile Include="..\Private\State_Monster.cpp">
      <Filter>02.GameObjects\Monster</Filter>
    </ClCompile>
    <ClCompile Include="..\Private\State_Zombie.cpp">
      <Filter>02.GameObjects\Monster\Zombie\01. State</Filter>
    </ClCompile>
    <ClCompile Include="..\Private\Player_Glaive_Combo.cpp">
      <Filter>02.GameObjects\Player\02. State\Player_Attack\Player_Glaive_Combo</Filter>
    </ClCompile>
    <ClCompile Include="..\Private\Player_GetHit.cpp">
      <Filter>02.GameObjects\Player\02. State\Player_GetHit</Filter>
    </ClCompile>
    <ClCompile Include="..\Private\Skeleton.cpp">
      <Filter>02.GameObjects\Monster\Skeleton</Filter>
    </ClCompile>
    <ClCompile Include="..\Private\Body_Skeleton.cpp">
      <Filter>02.GameObjects\Monster\Skeleton\00. Body_Skeleton</Filter>
    </ClCompile>
    <ClCompile Include="..\Private\Skeleton_Idle.cpp">
      <Filter>02.GameObjects\Monster\Skeleton\01. State\Skeleton_Idle</Filter>
    </ClCompile>
    <ClCompile Include="..\Private\State_Skeleton.cpp">
      <Filter>02.GameObjects\Monster\Skeleton\01. State</Filter>
    </ClCompile>
    <ClCompile Include="..\Private\Skeleton_Walk.cpp">
      <Filter>02.GameObjects\Monster\Skeleton\01. State\Skeleton_Walk</Filter>
    </ClCompile>
    <ClCompile Include="..\Private\Skeleton_HeadSpin.cpp">
      <Filter>02.GameObjects\Monster\Skeleton\01. State\Skeleton_HeadSpin</Filter>
    </ClCompile>
    <ClCompile Include="..\Private\Skeleton_GetHit.cpp">
      <Filter>02.GameObjects\Monster\Skeleton\01. State\Skeleton_GetHit</Filter>
    </ClCompile>
    <ClCompile Include="..\Private\Skeleton_BowAction.cpp">
      <Filter>02.GameObjects\Monster\Skeleton\01. State\Skeleton_BowAction</Filter>
    </ClCompile>
    <ClCompile Include="..\Private\InventorySlot.cpp">
      <Filter>02.GameObjects\UIObjects\Inventory</Filter>
    </ClCompile>
    <ClCompile Include="..\Private\InventoryIcon.cpp">
      <Filter>02.GameObjects\UIObjects\Inventory\InventoryIcon</Filter>
    </ClCompile>
    <ClCompile Include="..\Private\Item.cpp">
      <Filter>02.GameObjects\Item</Filter>
    </ClCompile>
    <ClCompile Include="..\Private\InventoryData.cpp">
      <Filter>03. Inventory</Filter>
    </ClCompile>
    <ClCompile Include="..\Private\Clien_Defines.cpp">
      <Filter>99.Defines</Filter>
    </ClCompile>
    <ClCompile Include="..\Private\Weapon_Glaive.cpp">
      <Filter>02.GameObjects\Item\Melee_Weapon\Glaive</Filter>
    </ClCompile>
    <ClCompile Include="..\Private\Weapon_ShortBow.cpp">
      <Filter>02.GameObjects\Item\Ranged_Weapon\ShortBow</Filter>
    </ClCompile>
    <ClCompile Include="..\Private\Player_Arrow.cpp">
      <Filter>02.GameObjects\Arrow</Filter>
    </ClCompile>
    <ClCompile Include="..\Private\ArrowPool_Player.cpp">
      <Filter>02.GameObjects\Arrow</Filter>
    </ClCompile>
    <ClCompile Include="..\Private\Player_BowAction.cpp">
      <Filter>02.GameObjects\Player\02. State\Player_Attack\Player_BowAction</Filter>
    </ClCompile>
    <ClCompile Include="..\Private\ArrowPool_Monster.cpp">
      <Filter>02.GameObjects\Arrow</Filter>
    </ClCompile>
    <ClCompile Include="..\Private\Monster_Arrow.cpp">
      <Filter>02.GameObjects\Arrow</Filter>
    </ClCompile>
    <ClCompile Include="..\Private\Weapon_Bow.cpp">
      <Filter>02.GameObjects\Item\Ranged_Weapon\Bow</Filter>
    </ClCompile>
    <ClCompile Include="..\Private\Level_SoggySwamp.cpp">
      <Filter>01.Levels\03. SoggySwamp</Filter>
    </ClCompile>
    <ClCompile Include="..\Private\SoggySwampMap.cpp">
      <Filter>02.GameObjects\SoggySwampMap</Filter>
    </ClCompile>
    <ClCompile Include="..\Private\Level_Trigger.cpp">
      <Filter>02.GameObjects\Level_Trigger</Filter>
    </ClCompile>
    <ClCompile Include="..\Private\BabyZombie.cpp">
      <Filter>02.GameObjects\Monster\BabyZombie</Filter>
    </ClCompile>
    <ClCompile Include="..\Private\Body_BabyZombie.cpp">
      <Filter>02.GameObjects\Monster\BabyZombie\00. Body_BabyZombie</Filter>
    </ClCompile>
    <ClCompile Include="..\Private\BabyZombie_Attack.cpp">
      <Filter>02.GameObjects\Monster\BabyZombie\01. State\BabyZombie_Attack</Filter>
    </ClCompile>
    <ClCompile Include="..\Private\BabyZombie_GetHit.cpp">
      <Filter>02.GameObjects\Monster\BabyZombie\01. State\BabyZombie_GetHit</Filter>
    </ClCompile>
    <ClCompile Include="..\Private\BabyZombie_Idle.cpp">
      <Filter>02.GameObjects\Monster\BabyZombie\01. State\BabyZombie_Idle</Filter>
    </ClCompile>
    <ClCompile Include="..\Private\BabyZombie_Walk.cpp">
      <Filter>02.GameObjects\Monster\BabyZombie\01. State\BabyZombie_Walk</Filter>
    </ClCompile>
    <ClCompile Include="..\Private\BabyZombie_Novelty.cpp">
      <Filter>02.GameObjects\Monster\BabyZombie\01. State\BabyZombie_Novelty</Filter>
    </ClCompile>
    <ClCompile Include="..\Private\State_BabyZombie.cpp">
      <Filter>02.GameObjects\Monster\BabyZombie\01. State</Filter>
    </ClCompile>
    <ClCompile Include="..\Private\Slime_Large.cpp">
      <Filter>02.GameObjects\Monster\Slime\Slime_Large</Filter>
    </ClCompile>
    <ClCompile Include="..\Private\Body_Slime_Large.cpp">
      <Filter>02.GameObjects\Monster\Slime\Slime_Large\00. Body</Filter>
    </ClCompile>
    <ClCompile Include="..\Private\Slime_Large_Attack.cpp">
      <Filter>02.GameObjects\Monster\Slime\Slime_Large\01. State\Slime_Large_Attack</Filter>
    </ClCompile>
    <ClCompile Include="..\Private\Slime_Large_Idle.cpp">
      <Filter>02.GameObjects\Monster\Slime\Slime_Large\01. State\Slime_Large_Idle</Filter>
    </ClCompile>
    <ClCompile Include="..\Private\Slime_Large_Stun.cpp">
      <Filter>02.GameObjects\Monster\Slime\Slime_Large\01. State\Slime_Large_Stun</Filter>
    </ClCompile>
    <ClCompile Include="..\Private\State_Slime_Large.cpp">
      <Filter>02.GameObjects\Monster\Slime\Slime_Large\01. State</Filter>
    </ClCompile>
    <ClCompile Include="..\Private\Slime_Large_Walk.cpp">
      <Filter>02.GameObjects\Monster\Slime\Slime_Large\01. State\Slime_Large_Walk</Filter>
    </ClCompile>
    <ClCompile Include="..\Private\Slime_Medium.cpp">
      <Filter>02.GameObjects\Monster\Slime\Slime_Medium</Filter>
    </ClCompile>
    <ClCompile Include="..\Private\Body_Slime_Medium.cpp">
      <Filter>02.GameObjects\Monster\Slime\Slime_Medium\00. Body</Filter>
    </ClCompile>
    <ClCompile Include="..\Private\Slime_Medium_Attack.cpp">
      <Filter>02.GameObjects\Monster\Slime\Slime_Medium\01. State\Slime_Medium_Attack</Filter>
    </ClCompile>
    <ClCompile Include="..\Private\Slime_Medium_Idle.cpp">
      <Filter>02.GameObjects\Monster\Slime\Slime_Medium\01. State\Slime_Medium_Idle</Filter>
    </ClCompile>
    <ClCompile Include="..\Private\Slime_Medium_Stun.cpp">
      <Filter>02.GameObjects\Monster\Slime\Slime_Medium\01. State\Slime_Medium_Stun</Filter>
    </ClCompile>
    <ClCompile Include="..\Private\Slime_Medium_Novelty.cpp">
      <Filter>02.GameObjects\Monster\Slime\Slime_Medium\01. State\Slime_Medium_Novelty</Filter>
    </ClCompile>
    <ClCompile Include="..\Private\Slime_Medium_Walk.cpp">
      <Filter>02.GameObjects\Monster\Slime\Slime_Medium\01. State\Slime_Medium_Walk</Filter>
    </ClCompile>
    <ClCompile Include="..\Private\State_Slime_Medium.cpp">
      <Filter>02.GameObjects\Monster\Slime\Slime_Medium\01. State</Filter>
    </ClCompile>
    <ClCompile Include="..\Private\Armor.cpp">
      <Filter>02.GameObjects\Item\Armor</Filter>
    </ClCompile>
    <ClCompile Include="..\Private\WolfArmor_Mask.cpp">
      <Filter>02.GameObjects\Item\Armor\Wolf_Armor\Mask</Filter>
    </ClCompile>
    <ClCompile Include="..\Private\Wolf_Armor.cpp">
      <Filter>02.GameObjects\Item\Armor\Wolf_Armor</Filter>
    </ClCompile>
    <ClCompile Include="..\Private\WolfArmor_Body.cpp">
      <Filter>02.GameObjects\Item\Armor\Wolf_Armor\Body</Filter>
    </ClCompile>
    <ClCompile Include="..\Private\WolfArmor_L_Arm.cpp">
      <Filter>02.GameObjects\Item\Armor\Wolf_Armor\Arm\L_Arm</Filter>
    </ClCompile>
    <ClCompile Include="..\Private\WolfArmor_R_Arm.cpp">
      <Filter>02.GameObjects\Item\Armor\Wolf_Armor\Arm\R_Arm</Filter>
    </ClCompile>
    <ClCompile Include="..\Private\WolfArmor_L_Leg.cpp">
      <Filter>02.GameObjects\Item\Armor\Wolf_Armor\Leg\L_Leg</Filter>
    </ClCompile>
    <ClCompile Include="..\Private\WolfArmor_R_Leg.cpp">
      <Filter>02.GameObjects\Item\Armor\Wolf_Armor\Leg\R_Leg</Filter>
    </ClCompile>
    <ClCompile Include="..\Private\Slime_Small.cpp">
      <Filter>02.GameObjects\Monster\Slime\Slime_Small</Filter>
    </ClCompile>
    <ClCompile Include="..\Private\Slime_Small_Idle.cpp">
      <Filter>02.GameObjects\Monster\Slime\Slime_Small\01. State\Slime_Small_Idle</Filter>
    </ClCompile>
    <ClCompile Include="..\Private\Slime_Small_Attack.cpp">
      <Filter>02.GameObjects\Monster\Slime\Slime_Small\01. State\Slime_Small_Attack</Filter>
    </ClCompile>
    <ClCompile Include="..\Private\Slime_Small_Novelty.cpp">
      <Filter>02.GameObjects\Monster\Slime\Slime_Small\01. State\Slime_Small_Novelty</Filter>
    </ClCompile>
    <ClCompile Include="..\Private\Slime_Small_Walk.cpp">
      <Filter>02.GameObjects\Monster\Slime\Slime_Small\01. State\Slime_Small_Walk</Filter>
    </ClCompile>
    <ClCompile Include="..\Private\State_Slime_Small.cpp">
      <Filter>02.GameObjects\Monster\Slime\Slime_Small\01. State</Filter>
    </ClCompile>
    <ClCompile Include="..\Private\Body_Slime_Small.cpp">
      <Filter>02.GameObjects\Monster\Slime\Slime_Small\00. Body</Filter>
    </ClCompile>
    <ClCompile Include="..\Private\LobbyChest.cpp">
      <Filter>02.GameObjects\LobbyChest</Filter>
    </ClCompile>
    <ClCompile Include="..\Private\ChestIcon.cpp">
      <Filter>02.GameObjects\LobbyChest\ChestIcon</Filter>
    </ClCompile>
    <ClCompile Include="..\Private\Slime_Cauldron.cpp">
      <Filter>02.GameObjects\Monster\Slime\Slime_Cauldron</Filter>
    </ClCompile>
    <ClCompile Include="..\Private\Body_Slime_Cauldron.cpp">
      <Filter>02.GameObjects\Monster\Slime\Slime_Cauldron\00. Body</Filter>
    </ClCompile>
    <ClCompile Include="..\Private\State_Slime_Cauldron.cpp">
      <Filter>02.GameObjects\Monster\Slime\Slime_Cauldron\01. State</Filter>
    </ClCompile>
    <ClCompile Include="..\Private\Slime_Cauldron_Attack.cpp">
      <Filter>02.GameObjects\Monster\Slime\Slime_Cauldron\01. State\Slime_Cauldron_Attack</Filter>
    </ClCompile>
    <ClCompile Include="..\Private\Slime_Cauldron_Bullet.cpp">
      <Filter>02.GameObjects\Bullet</Filter>
    </ClCompile>
    <ClCompile Include="..\Private\BulletPool_Monster.cpp">
      <Filter>02.GameObjects\Bullet</Filter>
    </ClCompile>
    <ClCompile Include="..\Private\Slime_Cauldron_Idle.cpp">
      <Filter>02.GameObjects\Monster\Slime\Slime_Cauldron\01. State\Slime_Cauldron_Idle</Filter>
    </ClCompile>
    <ClCompile Include="..\Private\State_Vindicator.cpp">
      <Filter>02.GameObjects\Monster\Vindicator\01. State</Filter>
    </ClCompile>
    <ClCompile Include="..\Private\Body_Vindicator.cpp">
      <Filter>02.GameObjects\Monster\Vindicator\00. Body</Filter>
    </ClCompile>
    <ClCompile Include="..\Private\Vindicator.cpp">
      <Filter>02.GameObjects\Monster\Vindicator</Filter>
    </ClCompile>
    <ClCompile Include="..\Private\Vindicator_Attack.cpp">
      <Filter>02.GameObjects\Monster\Vindicator\01. State\Vindicator_Attack</Filter>
    </ClCompile>
    <ClCompile Include="..\Private\Vindicator_Idle.cpp">
      <Filter>02.GameObjects\Monster\Vindicator\01. State\Vindicator_Idle</Filter>
    </ClCompile>
    <ClCompile Include="..\Private\Vindicator_Novelty.cpp">
      <Filter>02.GameObjects\Monster\Vindicator\01. State\Vindicator_Novelty</Filter>
    </ClCompile>
    <ClCompile Include="..\Private\Vindicator_Walk.cpp">
      <Filter>02.GameObjects\Monster\Vindicator\01. State\Vindicator_Walk</Filter>
    </ClCompile>
    <ClCompile Include="..\Private\Weapon_Axe.cpp">
      <Filter>02.GameObjects\Item\Melee_Weapon\Axe</Filter>
    </ClCompile>
    <ClCompile Include="..\Private\CauldronBoss.cpp">
      <Filter>02.GameObjects\Monster\CauldronBoss</Filter>
    </ClCompile>
    <ClCompile Include="..\Private\Body_CauldronBoss.cpp">
      <Filter>02.GameObjects\Monster\CauldronBoss\00. Body</Filter>
    </ClCompile>
    <ClCompile Include="..\Private\CauldronBoss_BasicAttack.cpp">
      <Filter>02.GameObjects\Monster\CauldronBoss\01. State\CauldronBoss BasicAttack</Filter>
    </ClCompile>
    <ClCompile Include="..\Private\CauldronBoss_Idle.cpp">
      <Filter>02.GameObjects\Monster\CauldronBoss\01. State\CauldronBoss Idle</Filter>
    </ClCompile>
    <ClCompile Include="..\Private\CauldronBoss_IntenseSpin.cpp">
      <Filter>02.GameObjects\Monster\CauldronBoss\01. State\CauldronBoss IntenseSpin</Filter>
    </ClCompile>
    <ClCompile Include="..\Private\CauldronBoss_StrongAttack.cpp">
      <Filter>02.GameObjects\Monster\CauldronBoss\01. State\CauldronBoss StrongAttack</Filter>
    </ClCompile>
    <ClCompile Include="..\Private\State_CauldronBoss.cpp">
      <Filter>02.GameObjects\Monster\CauldronBoss\01. State</Filter>
    </ClCompile>
    <ClCompile Include="..\Private\BabyZombie_Dead.cpp">
      <Filter>02.GameObjects\Monster\BabyZombie\01. State\BabyZombie_Dead</Filter>
    </ClCompile>
    <ClCompile Include="..\Private\Zombie_Dead.cpp">
      <Filter>02.GameObjects\Monster\Zombie\01. State\Zombie_Dead</Filter>
    </ClCompile>
    <ClCompile Include="..\Private\Vindicator_Dead.cpp">
      <Filter>02.GameObjects\Monster\Vindicator\01. State\Vindicator_Dead</Filter>
    </ClCompile>
    <ClCompile Include="..\Private\Skeleton_Dead.cpp">
      <Filter>02.GameObjects\Monster\Skeleton\01. State\Skeleton_Dead</Filter>
    </ClCompile>
  </ItemGroup>
  <ItemGroup>
    <FxCompile Include="..\Bin\ShaderFiles\Shader_VtxPosTex.hlsl">
      <Filter>97.ShaderFiles</Filter>
    </FxCompile>
    <FxCompile Include="..\Bin\ShaderFiles\Shader_VtxNorTex.hlsl">
      <Filter>97.ShaderFiles</Filter>
    </FxCompile>
    <FxCompile Include="..\Bin\ShaderFiles\Shader_VtxMesh.hlsl">
      <Filter>97.ShaderFiles</Filter>
    </FxCompile>
    <FxCompile Include="..\Bin\ShaderFiles\Shader_VtxAnimMesh.hlsl">
      <Filter>97.ShaderFiles</Filter>
    </FxCompile>
    <FxCompile Include="..\Bin\ShaderFiles\Shader_VtxPosTex_HPbar.hlsl">
      <Filter>97.ShaderFiles</Filter>
    </FxCompile>
    <FxCompile Include="..\Bin\ShaderFiles\Shader_VtxCube.hlsl">
      <Filter>97.ShaderFiles</Filter>
    </FxCompile>
    <FxCompile Include="..\Bin\ShaderFiles\Shader_Cell.hlsl">
      <Filter>97.ShaderFiles</Filter>
    </FxCompile>
  </ItemGroup>
  <ItemGroup>
    <None Include="..\Bin\ShaderFiles\Engine_Shader_Defines.hlsli">
      <Filter>97.ShaderFiles</Filter>
    </None>
  </ItemGroup>
</Project>