<?xml version="1.0" encoding="utf-8"?>
<Project ToolsVersion="4.0" xmlns="http://schemas.microsoft.com/developer/msbuild/2003">
  <ItemGroup>
    <Filter Include="99.Defines">
      <UniqueIdentifier>{3613eca8-d6b2-4c31-ac23-caa9e8b0d49b}</UniqueIdentifier>
    </Filter>
    <Filter Include="98.Default">
      <UniqueIdentifier>{4a1057e4-07de-468c-a48e-adfa64f48bec}</UniqueIdentifier>
    </Filter>
    <Filter Include="00.MainApp">
      <UniqueIdentifier>{220288b3-3d51-4716-bd3e-d2e677773854}</UniqueIdentifier>
    </Filter>
    <Filter Include="01.Levels">
      <UniqueIdentifier>{f211a709-bc29-4414-a0c0-6eb253fe588f}</UniqueIdentifier>
    </Filter>
    <Filter Include="01.Levels\00.Loading">
      <UniqueIdentifier>{607258ba-45a4-424e-a13c-27d6e5fe7e6b}</UniqueIdentifier>
    </Filter>
    <Filter Include="01.Levels\00.Loading\Loader">
      <UniqueIdentifier>{56d2dee4-1011-4964-8602-09f9d154fec6}</UniqueIdentifier>
    </Filter>
    <Filter Include="02.GameObjects">
      <UniqueIdentifier>{6e49a0c9-230f-450f-8cb5-eeaa76ddef7c}</UniqueIdentifier>
    </Filter>
    <Filter Include="97.ShaderFiles">
      <UniqueIdentifier>{0ec719f1-ae5d-4711-9dcb-96a12621ee33}</UniqueIdentifier>
    </Filter>
    <Filter Include="02.GameObjects\Camera">
      <UniqueIdentifier>{7f6a5c1d-3c88-4637-ac65-c368fe98b7d9}</UniqueIdentifier>
    </Filter>
    <Filter Include="02.GameObjects\Camera\Free">
      <UniqueIdentifier>{99e5154e-49e3-4d93-ad11-54750fe0ed08}</UniqueIdentifier>
    </Filter>
    <Filter Include="02.GameObjects\Monster">
      <UniqueIdentifier>{2a866a0c-01fa-4b64-92c4-fd90f41a5923}</UniqueIdentifier>
    </Filter>
    <Filter Include="02.GameObjects\UIObjects">
      <UniqueIdentifier>{a3414a03-ae9b-47bb-89b9-eb8aef7c3962}</UniqueIdentifier>
    </Filter>
    <Filter Include="02.GameObjects\UIObjects\Inventory">
      <UniqueIdentifier>{cf539a4e-c208-4e9c-bb27-cb0cea2dc679}</UniqueIdentifier>
    </Filter>
    <Filter Include="02.GameObjects\UIObjects\Inventory\Inventory_Base">
      <UniqueIdentifier>{9ff9beb3-291c-43dd-86f0-378848ea6406}</UniqueIdentifier>
    </Filter>
    <Filter Include="02.GameObjects\Player">
      <UniqueIdentifier>{a79e5608-68af-4d7c-9411-323b06a388c1}</UniqueIdentifier>
    </Filter>
    <Filter Include="02.GameObjects\UIObjects\UI_Image%28static%29">
      <UniqueIdentifier>{69350565-a71a-401c-9cf8-0617f0fc37b2}</UniqueIdentifier>
    </Filter>
    <Filter Include="02.GameObjects\UIObjects\HPbar">
      <UniqueIdentifier>{a7067fff-4dc1-4601-afe6-365f223747e1}</UniqueIdentifier>
    </Filter>
    <Filter Include="01.Levels\01. Title">
      <UniqueIdentifier>{edd484b2-535d-4fe2-a301-1f295693c6b6}</UniqueIdentifier>
    </Filter>
    <Filter Include="02.GameObjects\UIObjects\Inventory\Inventory_StoreSlot">
      <UniqueIdentifier>{81d1359e-516c-4991-8531-c558788a2579}</UniqueIdentifier>
    </Filter>
    <Filter Include="02.GameObjects\UIObjects\Inventory\InventoryGearSlot">
      <UniqueIdentifier>{98e05a1b-0327-410e-88b1-71804a5f45cc}</UniqueIdentifier>
    </Filter>
    <Filter Include="02.GameObjects\UIObjects\Inventory\InventoryItemSlot">
      <UniqueIdentifier>{b75e9023-db5b-43b0-b798-c430e1058abd}</UniqueIdentifier>
    </Filter>
    <Filter Include="02.GameObjects\Sky">
      <UniqueIdentifier>{f921d5a2-b17c-4a73-a7d3-028b1053c5a0}</UniqueIdentifier>
    </Filter>
    <Filter Include="01.Levels\02. GamePlay">
      <UniqueIdentifier>{fae995d6-0f45-4682-97aa-35fe9c6e9a44}</UniqueIdentifier>
    </Filter>
    <Filter Include="02.GameObjects\LoungeMap">
      <UniqueIdentifier>{a35214a7-3599-46bc-96d0-e0ce666aaa40}</UniqueIdentifier>
    </Filter>
    <Filter Include="02.GameObjects\Player\00. Body_Player">
      <UniqueIdentifier>{5373e998-8490-442b-bc63-474356c4fb92}</UniqueIdentifier>
    </Filter>
    <Filter Include="02.GameObjects\Player\01. Weapon">
      <UniqueIdentifier>{e7e9d8fd-6248-4abe-9a63-c2fbf55b89dc}</UniqueIdentifier>
    </Filter>
    <Filter Include="02.GameObjects\Player\02. State">
      <UniqueIdentifier>{f9107163-f31d-4f6f-9fe1-b689765a2b57}</UniqueIdentifier>
    </Filter>
    <Filter Include="96. FSM">
      <UniqueIdentifier>{020092ce-9d28-4df2-9763-9f771b196d1b}</UniqueIdentifier>
    </Filter>
    <Filter Include="96. FSM\State">
      <UniqueIdentifier>{ff95e289-b11b-4bc8-a789-3ea3d6113962}</UniqueIdentifier>
    </Filter>
    <Filter Include="02.GameObjects\Player\02. State\Player_Idle">
      <UniqueIdentifier>{ee133f71-2358-4f54-a6f8-8a5dd22095a0}</UniqueIdentifier>
    </Filter>
    <Filter Include="02.GameObjects\Player\02. State\Player_Walk">
      <UniqueIdentifier>{cd3059ba-cd8c-4bbf-8fb2-bff2d986a9a8}</UniqueIdentifier>
    </Filter>
    <Filter Include="02.GameObjects\Player\02. State\Player_Roll">
      <UniqueIdentifier>{9905ea67-d423-4db9-ade2-018a707a5c88}</UniqueIdentifier>
    </Filter>
    <Filter Include="02.GameObjects\Monster\Zombie">
      <UniqueIdentifier>{a9c53524-8cf9-4a55-b3f2-e74ce3da8b24}</UniqueIdentifier>
    </Filter>
    <Filter Include="02.GameObjects\Monster\Zombie\00. Body_Zombie">
      <UniqueIdentifier>{f1c38f59-c0be-4535-b1f8-b2bf76de9d77}</UniqueIdentifier>
    </Filter>
    <Filter Include="02.GameObjects\Monster\Zombie\01. State">
      <UniqueIdentifier>{2e037a48-045f-4e3a-b4a4-f170ea2c96be}</UniqueIdentifier>
    </Filter>
    <Filter Include="02.GameObjects\Monster\Zombie\01. State\Zombie_Attack">
      <UniqueIdentifier>{2cd89c5d-710a-4e64-a216-36114b69581a}</UniqueIdentifier>
    </Filter>
    <Filter Include="02.GameObjects\Monster\Zombie\01. State\Zombie_GetHit">
      <UniqueIdentifier>{3fa056bc-39bd-49bf-a1ca-de90e3123438}</UniqueIdentifier>
    </Filter>
    <Filter Include="02.GameObjects\Monster\Zombie\01. State\Zombie_Stun">
      <UniqueIdentifier>{da8c0f8c-285a-4e75-892c-0ceb54e4d5e3}</UniqueIdentifier>
    </Filter>
    <Filter Include="02.GameObjects\Monster\Zombie\01. State\Zombie_Idle">
      <UniqueIdentifier>{6ef0e423-d2e3-47c1-86aa-5a2a2d3be815}</UniqueIdentifier>
    </Filter>
    <Filter Include="02.GameObjects\Monster\Zombie\01. State\Zombie_Walk">
      <UniqueIdentifier>{8e7041c5-aa30-467a-b7d9-ad11d45d370e}</UniqueIdentifier>
    </Filter>
    <Filter Include="02.GameObjects\Monster\Zombie\01. State\Zombie_Sleep">
      <UniqueIdentifier>{c404b55d-3e06-430d-8643-66871d11ff98}</UniqueIdentifier>
    </Filter>
    <Filter Include="02.GameObjects\Player\02. State\Player_Attack">
      <UniqueIdentifier>{09cc7a4b-418f-46c1-972f-dd7dc99dca77}</UniqueIdentifier>
    </Filter>
    <Filter Include="02.GameObjects\Player\02. State\Player_Attack\Player_Glaive_Combo">
      <UniqueIdentifier>{bc024a76-42c2-4c9a-9ecd-4c55df8757f5}</UniqueIdentifier>
    </Filter>
    <Filter Include="02.GameObjects\Player\02. State\Player_GetHit">
      <UniqueIdentifier>{ec2f2eb7-86f5-4d82-b48b-db550ed92c84}</UniqueIdentifier>
    </Filter>
  </ItemGroup>
  <ItemGroup>
    <ClInclude Include="Client.h">
      <Filter>98.Default</Filter>
    </ClInclude>
    <ClInclude Include="framework.h">
      <Filter>98.Default</Filter>
    </ClInclude>
    <ClInclude Include="Resource.h">
      <Filter>98.Default</Filter>
    </ClInclude>
    <ClInclude Include="targetver.h">
      <Filter>98.Default</Filter>
    </ClInclude>
    <ClInclude Include="..\Public\MainApp.h">
      <Filter>00.MainApp</Filter>
    </ClInclude>
    <ClInclude Include="..\Public\Client_Defines.h">
      <Filter>99.Defines</Filter>
    </ClInclude>
    <ClInclude Include="..\Public\Level_Loading.h">
      <Filter>01.Levels\00.Loading</Filter>
    </ClInclude>
    <ClInclude Include="..\Public\Loader.h">
      <Filter>01.Levels\00.Loading\Loader</Filter>
    </ClInclude>
    <ClInclude Include="..\Public\Level_GamePlay.h">
      <Filter>01.Levels\02. GamePlay</Filter>
    </ClInclude>
    <ClInclude Include="..\public\Camera_Free.h">
      <Filter>02.GameObjects\Camera\Free</Filter>
    </ClInclude>
    <ClInclude Include="..\Public\Level_Title.h">
      <Filter>01.Levels\01. Title</Filter>
    </ClInclude>
    <ClInclude Include="..\Public\Monster.h">
      <Filter>02.GameObjects\Monster</Filter>
    </ClInclude>
    <ClInclude Include="..\Public\Player.h">
      <Filter>02.GameObjects\Player</Filter>
    </ClInclude>
    <ClInclude Include="..\Public\PlayerHP.h">
      <Filter>02.GameObjects\UIObjects\HPbar</Filter>
    </ClInclude>
    <ClInclude Include="..\Public\Body_Player.h">
      <Filter>02.GameObjects\Player\00. Body_Player</Filter>
    </ClInclude>
    <ClInclude Include="..\Public\UI_Image.h">
      <Filter>02.GameObjects\UIObjects\UI_Image%28static%29</Filter>
    </ClInclude>
    <ClInclude Include="..\Public\InventoryBase.h">
      <Filter>02.GameObjects\UIObjects\Inventory\Inventory_Base</Filter>
    </ClInclude>
    <ClInclude Include="..\Public\InventoryStoreSlot.h">
      <Filter>02.GameObjects\UIObjects\Inventory\Inventory_StoreSlot</Filter>
    </ClInclude>
    <ClInclude Include="..\Public\InventoryGearSlot.h">
      <Filter>02.GameObjects\UIObjects\Inventory\InventoryGearSlot</Filter>
    </ClInclude>
    <ClInclude Include="..\Public\InventoryItemSlot.h">
      <Filter>02.GameObjects\UIObjects\Inventory\InventoryItemSlot</Filter>
    </ClInclude>
    <ClInclude Include="..\Public\Weapon.h">
      <Filter>02.GameObjects\Player\01. Weapon</Filter>
    </ClInclude>
    <ClInclude Include="..\Public\LoungeMap.h">
      <Filter>02.GameObjects\LoungeMap</Filter>
    </ClInclude>
    <ClInclude Include="..\Public\Sky.h">
      <Filter>02.GameObjects\Sky</Filter>
    </ClInclude>
    <ClInclude Include="..\Public\State.h">
      <Filter>96. FSM\State</Filter>
    </ClInclude>
    <ClInclude Include="..\Public\FSM.h">
      <Filter>96. FSM</Filter>
    </ClInclude>
    <ClInclude Include="..\Public\Client_Enum.h">
      <Filter>99.Defines</Filter>
    </ClInclude>
    <ClInclude Include="..\Public\Player_Idle.h">
      <Filter>02.GameObjects\Player\02. State\Player_Idle</Filter>
    </ClInclude>
    <ClInclude Include="..\Public\Player_Walk.h">
      <Filter>02.GameObjects\Player\02. State\Player_Walk</Filter>
    </ClInclude>
    <ClInclude Include="..\Public\State_Player.h">
      <Filter>02.GameObjects\Player\02. State</Filter>
    </ClInclude>
    <ClInclude Include="..\Public\Player_Roll.h">
      <Filter>02.GameObjects\Player\02. State\Player_Roll</Filter>
    </ClInclude>
    <ClInclude Include="..\Public\Body_Zombie.h">
      <Filter>02.GameObjects\Monster\Zombie\00. Body_Zombie</Filter>
    </ClInclude>
    <ClInclude Include="..\Public\Zombie.h">
      <Filter>02.GameObjects\Monster\Zombie</Filter>
    </ClInclude>
    <ClInclude Include="..\Public\Zombie_Idle.h">
      <Filter>02.GameObjects\Monster\Zombie\01. State\Zombie_Idle</Filter>
    </ClInclude>
    <ClInclude Include="..\Public\Zombie_Walk.h">
      <Filter>02.GameObjects\Monster\Zombie\01. State\Zombie_Walk</Filter>
    </ClInclude>
    <ClInclude Include="..\Public\Zombie_Attack.h">
      <Filter>02.GameObjects\Monster\Zombie\01. State\Zombie_Attack</Filter>
    </ClInclude>
    <ClInclude Include="..\Public\Zombie_GetHit.h">
      <Filter>02.GameObjects\Monster\Zombie\01. State\Zombie_GetHit</Filter>
    </ClInclude>
    <ClInclude Include="..\Public\Zombie_Stun.h">
      <Filter>02.GameObjects\Monster\Zombie\01. State\Zombie_Stun</Filter>
    </ClInclude>
    <ClInclude Include="..\Public\Zombie_Sleep.h">
      <Filter>02.GameObjects\Monster\Zombie\01. State\Zombie_Sleep</Filter>
    </ClInclude>
    <ClInclude Include="..\Public\State_Monster.h">
      <Filter>02.GameObjects\Monster</Filter>
    </ClInclude>
    <ClInclude Include="..\Public\State_Zombie.h">
      <Filter>02.GameObjects\Monster\Zombie\01. State</Filter>
    </ClInclude>
    <ClInclude Include="..\Public\Player_Glaive_Combo.h">
      <Filter>02.GameObjects\Player\02. State\Player_Attack\Player_Glaive_Combo</Filter>
    </ClInclude>
    <ClInclude Include="..\Public\Player_GetHit.h">
      <Filter>02.GameObjects\Player\02. State\Player_GetHit</Filter>
    </ClInclude>
  </ItemGroup>
  <ItemGroup>
    <Image Include="Client.ico">
      <Filter>98.Default</Filter>
    </Image>
    <Image Include="small.ico">
      <Filter>98.Default</Filter>
    </Image>
  </ItemGroup>
  <ItemGroup>
    <ResourceCompile Include="Client.rc">
      <Filter>98.Default</Filter>
    </ResourceCompile>
  </ItemGroup>
  <ItemGroup>
    <ClCompile Include="Client.cpp">
      <Filter>98.Default</Filter>
    </ClCompile>
    <ClCompile Include="..\Private\MainApp.cpp">
      <Filter>00.MainApp</Filter>
    </ClCompile>
    <ClCompile Include="..\Private\Level_Loading.cpp">
      <Filter>01.Levels\00.Loading</Filter>
    </ClCompile>
    <ClCompile Include="..\Private\Loader.cpp">
      <Filter>01.Levels\00.Loading\Loader</Filter>
    </ClCompile>
    <ClCompile Include="..\Private\Level_GamePlay.cpp">
      <Filter>01.Levels\02. GamePlay</Filter>
    </ClCompile>
    <ClCompile Include="..\private\Camera_Free.cpp">
      <Filter>02.GameObjects\Camera\Free</Filter>
    </ClCompile>
    <ClCompile Include="..\Private\Level_Title.cpp">
      <Filter>01.Levels\01. Title</Filter>
    </ClCompile>
    <ClCompile Include="..\Private\Monster.cpp">
      <Filter>02.GameObjects\Monster</Filter>
    </ClCompile>
    <ClCompile Include="..\Private\Player.cpp">
      <Filter>02.GameObjects\Player</Filter>
    </ClCompile>
    <ClCompile Include="..\Private\PlayerHP.cpp">
      <Filter>02.GameObjects\UIObjects\HPbar</Filter>
    </ClCompile>
    <ClCompile Include="..\Private\Body_Player.cpp">
      <Filter>02.GameObjects\Player\00. Body_Player</Filter>
    </ClCompile>
    <ClCompile Include="..\Private\UI_Image.cpp">
      <Filter>02.GameObjects\UIObjects\UI_Image%28static%29</Filter>
    </ClCompile>
    <ClCompile Include="..\Private\InventoryBase.cpp">
      <Filter>02.GameObjects\UIObjects\Inventory\Inventory_Base</Filter>
    </ClCompile>
    <ClCompile Include="..\Private\InventoryStoreSlot.cpp">
      <Filter>02.GameObjects\UIObjects\Inventory\Inventory_StoreSlot</Filter>
    </ClCompile>
    <ClCompile Include="..\Private\InventoryGearSlot.cpp">
      <Filter>02.GameObjects\UIObjects\Inventory\InventoryGearSlot</Filter>
    </ClCompile>
    <ClCompile Include="..\Private\InventoryItemSlot.cpp">
      <Filter>02.GameObjects\UIObjects\Inventory\InventoryItemSlot</Filter>
    </ClCompile>
    <ClCompile Include="..\Private\Weapon.cpp">
      <Filter>02.GameObjects\Player\01. Weapon</Filter>
    </ClCompile>
    <ClCompile Include="..\Private\LoungeMap.cpp">
      <Filter>02.GameObjects\LoungeMap</Filter>
    </ClCompile>
    <ClCompile Include="..\Private\Sky.cpp">
      <Filter>02.GameObjects\Sky</Filter>
    </ClCompile>
    <ClCompile Include="..\Private\State.cpp">
      <Filter>96. FSM\State</Filter>
    </ClCompile>
    <ClCompile Include="..\Private\FSM.cpp">
      <Filter>96. FSM</Filter>
    </ClCompile>
    <ClCompile Include="..\Private\Player_Idle.cpp">
      <Filter>02.GameObjects\Player\02. State\Player_Idle</Filter>
    </ClCompile>
    <ClCompile Include="..\Private\Player_Walk.cpp">
      <Filter>02.GameObjects\Player\02. State\Player_Walk</Filter>
    </ClCompile>
    <ClCompile Include="..\Private\State_Player.cpp">
      <Filter>02.GameObjects\Player\02. State</Filter>
    </ClCompile>
    <ClCompile Include="..\Private\Player_Roll.cpp">
      <Filter>02.GameObjects\Player\02. State\Player_Roll</Filter>
    </ClCompile>
    <ClCompile Include="..\Private\Body_Zombie.cpp">
      <Filter>02.GameObjects\Monster\Zombie\00. Body_Zombie</Filter>
    </ClCompile>
    <ClCompile Include="..\Private\Zombie.cpp">
      <Filter>02.GameObjects\Monster\Zombie</Filter>
    </ClCompile>
    <ClCompile Include="..\Private\Zombie_Idle.cpp">
      <Filter>02.GameObjects\Monster\Zombie\01. State\Zombie_Idle</Filter>
    </ClCompile>
    <ClCompile Include="..\Private\Zombie_Walk.cpp">
      <Filter>02.GameObjects\Monster\Zombie\01. State\Zombie_Walk</Filter>
    </ClCompile>
    <ClCompile Include="..\Private\Zombie_Attack.cpp">
      <Filter>02.GameObjects\Monster\Zombie\01. State\Zombie_Attack</Filter>
    </ClCompile>
    <ClCompile Include="..\Private\Zombie_GetHit.cpp">
      <Filter>02.GameObjects\Monster\Zombie\01. State\Zombie_GetHit</Filter>
    </ClCompile>
    <ClCompile Include="..\Private\Zombie_Stun.cpp">
      <Filter>02.GameObjects\Monster\Zombie\01. State\Zombie_Stun</Filter>
    </ClCompile>
    <ClCompile Include="..\Private\Zombie_Sleep.cpp">
      <Filter>02.GameObjects\Monster\Zombie\01. State\Zombie_Sleep</Filter>
    </ClCompile>
    <ClCompile Include="..\Private\State_Monster.cpp">
      <Filter>02.GameObjects\Monster</Filter>
    </ClCompile>
    <ClCompile Include="..\Private\State_Zombie.cpp">
      <Filter>02.GameObjects\Monster\Zombie\01. State</Filter>
    </ClCompile>
    <ClCompile Include="..\Private\Player_Glaive_Combo.cpp">
      <Filter>02.GameObjects\Player\02. State\Player_Attack\Player_Glaive_Combo</Filter>
    </ClCompile>
    <ClCompile Include="..\Private\Player_GetHit.cpp">
      <Filter>02.GameObjects\Player\02. State\Player_GetHit</Filter>
    </ClCompile>
  </ItemGroup>
  <ItemGroup>
    <FxCompile Include="..\Bin\ShaderFiles\Shader_VtxPosTex.hlsl">
      <Filter>97.ShaderFiles</Filter>
    </FxCompile>
    <FxCompile Include="..\Bin\ShaderFiles\Shader_VtxNorTex.hlsl">
      <Filter>97.ShaderFiles</Filter>
    </FxCompile>
    <FxCompile Include="..\Bin\ShaderFiles\Shader_VtxMesh.hlsl">
      <Filter>97.ShaderFiles</Filter>
    </FxCompile>
    <FxCompile Include="..\Bin\ShaderFiles\Shader_VtxAnimMesh.hlsl">
      <Filter>97.ShaderFiles</Filter>
    </FxCompile>
    <FxCompile Include="..\Bin\ShaderFiles\Shader_VtxPosTex_HPbar.hlsl">
      <Filter>97.ShaderFiles</Filter>
    </FxCompile>
    <FxCompile Include="..\Bin\ShaderFiles\Shader_VtxCube.hlsl">
      <Filter>97.ShaderFiles</Filter>
    </FxCompile>
    <FxCompile Include="..\Bin\ShaderFiles\Shader_Cell.hlsl">
      <Filter>97.ShaderFiles</Filter>
    </FxCompile>
  </ItemGroup>
  <ItemGroup>
    <None Include="..\Bin\ShaderFiles\Engine_Shader_Defines.hlsli">
      <Filter>97.ShaderFiles</Filter>
    </None>
  </ItemGroup>
</Project>